PODS:
  - AFNetworking (2.5.3):
    - AFNetworking/NSURLConnection (= 2.5.3)
    - AFNetworking/NSURLSession (= 2.5.3)
    - AFNetworking/Reachability (= 2.5.3)
    - AFNetworking/Security (= 2.5.3)
    - AFNetworking/Serialization (= 2.5.3)
    - AFNetworking/UIKit (= 2.5.3)
  - AFNetworking/NSURLConnection (2.5.3):
    - AFNetworking/Reachability
    - AFNetworking/Security
    - AFNetworking/Serialization
  - AFNetworking/NSURLSession (2.5.3):
    - AFNetworking/Reachability
    - AFNetworking/Security
    - AFNetworking/Serialization
  - AFNetworking/Reachability (2.5.3)
  - AFNetworking/Security (2.5.3)
  - AFNetworking/Serialization (2.5.3)
  - HTMLReader (0.7.1)
  - PromiseKit-AFNetworking (0.1.6):
    - AFNetworking (~> 2.0)
    - PromiseKit/Promise
    - PromiseKit/When
  - PromiseKit/Promise (1.5.1)
  - PromiseKit/When (1.5.1):
    - PromiseKit/Promise
  - Realm (0.91.3):
    - Realm/Headers (= 0.91.3)
  - Realm/Headers (0.91.3)
  - YLMoment (0.5.1)

DEPENDENCIES:
  - AFNetworking
  - HTMLReader
  - PromiseKit-AFNetworking
  - PromiseKit/Promise
  - PromiseKit/When
  - Realm
  - YLMoment

SPEC CHECKSUMS:
  AFNetworking: e1d86c2a96bb5d2e7408da36149806706ee122fe
  HTMLReader: e6ba09514d125f45e810b6c6c1cebf3542f04d89
  PromiseKit: b1145ebb1dd0780566952689191ea31466198ee8
  PromiseKit-AFNetworking: fbdd97205d6a78bb94d96d0d56311d1733569aae
  Realm: 4bfdac6f0f3170a3947c7196e2e9a2e49c943719
  YLMoment: 5c2cc5235b235912c3706c4a9de36c496d80b127

COCOAPODS: 0.36.4
