// !$*UTF8*$!
{
	archiveVersion = 1;
	classes = {
	};
	objectVersion = 46;
	objects = {

/* Begin PBXBuildFile section */
		246D12921A6A6EAB00D77FD0 /* AppDelegate.m in Sources */ = {isa = PBXBuildFile; fileRef = 246D12911A6A6EAB00D77FD0 /* AppDelegate.m */; };
		246D12941A6A6EAB00D77FD0 /* main.m in Sources */ = {isa = PBXBuildFile; fileRef = 246D12931A6A6EAB00D77FD0 /* main.m */; };
		246D12991A6A6EAB00D77FD0 /* Images.xcassets in Resources */ = {isa = PBXBuildFile; fileRef = 246D12981A6A6EAB00D77FD0 /* Images.xcassets */; };
		246D129C1A6A6EAB00D77FD0 /* Main.storyboard in Resources */ = {isa = PBXBuildFile; fileRef = 246D129A1A6A6EAB00D77FD0 /* Main.storyboard */; };
		246D12B31A6A711900D77FD0 /* DilbertManager.m in Sources */ = {isa = PBXBuildFile; fileRef = 246D12B21A6A711900D77FD0 /* DilbertManager.m */; };
		246D12B61A6A767900D77FD0 /* Comic.m in Sources */ = {isa = PBXBuildFile; fileRef = 246D12B51A6A767900D77FD0 /* Comic.m */; };
		246D12B81A6A79D500D77FD0 /* QuickLook.framework in Frameworks */ = {isa = PBXBuildFile; fileRef = 246D12B71A6A79D500D77FD0 /* QuickLook.framework */; };
		246D12BA1A6A807600D77FD0 /* Quartz.framework in Frameworks */ = {isa = PBXBuildFile; fileRef = 246D12B91A6A807600D77FD0 /* Quartz.framework */; };
		246D12BC1A6A807B00D77FD0 /* Cocoa.framework in Frameworks */ = {isa = PBXBuildFile; fileRef = 246D12BB1A6A807B00D77FD0 /* Cocoa.framework */; };
		246D12BF1A6ABF8400D77FD0 /* DilbertMenu.xib in Resources */ = {isa = PBXBuildFile; fileRef = 246D12BE1A6ABF8400D77FD0 /* DilbertMenu.xib */; };
		246D12C21A6AC06F00D77FD0 /* DilbertMenu.m in Sources */ = {isa = PBXBuildFile; fileRef = 246D12C11A6AC06F00D77FD0 /* DilbertMenu.m */; };
		5713859A32756E4EF5C888D7 /* Pods_Dilbert_Me.framework in Frameworks */ = {isa = PBXBuildFile; fileRef = 378AE97F0A571A0556836FE9 /* Pods_Dilbert_Me.framework */; };
/* End PBXBuildFile section */

/* Begin PBXFileReference section */
		0CFB944A3DD5B6CD1EF340FE /* Pods-Dilbert Me.debug.xcconfig */ = {isa = PBXFileReference; includeInIndex = 1; lastKnownFileType = text.xcconfig; name = "Pods-Dilbert Me.debug.xcconfig"; path = "Pods/Target Support Files/Pods-Dilbert Me/Pods-Dilbert Me.debug.xcconfig"; sourceTree = "<group>"; };
		246D128B1A6A6EAA00D77FD0 /* Dilbert Me.app */ = {isa = PBXFileReference; explicitFileType = wrapper.application; includeInIndex = 0; path = "Dilbert Me.app"; sourceTree = BUILT_PRODUCTS_DIR; };
		246D128F1A6A6EAB00D77FD0 /* Info.plist */ = {isa = PBXFileReference; lastKnownFileType = text.plist.xml; path = Info.plist; sourceTree = "<group>"; };
		246D12901A6A6EAB00D77FD0 /* AppDelegate.h */ = {isa = PBXFileReference; lastKnownFileType = sourcecode.c.h; path = AppDelegate.h; sourceTree = "<group>"; };
		246D12911A6A6EAB00D77FD0 /* AppDelegate.m */ = {isa = PBXFileReference; lastKnownFileType = sourcecode.c.objc; path = AppDelegate.m; sourceTree = "<group>"; };
		246D12931A6A6EAB00D77FD0 /* main.m */ = {isa = PBXFileReference; lastKnownFileType = sourcecode.c.objc; path = main.m; sourceTree = "<group>"; };
		246D12981A6A6EAB00D77FD0 /* Images.xcassets */ = {isa = PBXFileReference; lastKnownFileType = folder.assetcatalog; path = Images.xcassets; sourceTree = "<group>"; };
		246D129B1A6A6EAB00D77FD0 /* Base */ = {isa = PBXFileReference; lastKnownFileType = file.storyboard; name = Base; path = Base.lproj/Main.storyboard; sourceTree = "<group>"; };
		246D12B11A6A711900D77FD0 /* DilbertManager.h */ = {isa = PBXFileReference; fileEncoding = 4; lastKnownFileType = sourcecode.c.h; path = DilbertManager.h; sourceTree = "<group>"; };
		246D12B21A6A711900D77FD0 /* DilbertManager.m */ = {isa = PBXFileReference; fileEncoding = 4; lastKnownFileType = sourcecode.c.objc; path = DilbertManager.m; sourceTree = "<group>"; };
		246D12B41A6A767900D77FD0 /* Comic.h */ = {isa = PBXFileReference; fileEncoding = 4; lastKnownFileType = sourcecode.c.h; path = Comic.h; sourceTree = "<group>"; };
		246D12B51A6A767900D77FD0 /* Comic.m */ = {isa = PBXFileReference; fileEncoding = 4; lastKnownFileType = sourcecode.c.objc; path = Comic.m; sourceTree = "<group>"; };
		246D12B71A6A79D500D77FD0 /* QuickLook.framework */ = {isa = PBXFileReference; lastKnownFileType = wrapper.framework; name = QuickLook.framework; path = System/Library/Frameworks/QuickLook.framework; sourceTree = SDKROOT; };
		246D12B91A6A807600D77FD0 /* Quartz.framework */ = {isa = PBXFileReference; lastKnownFileType = wrapper.framework; name = Quartz.framework; path = System/Library/Frameworks/Quartz.framework; sourceTree = SDKROOT; };
		246D12BB1A6A807B00D77FD0 /* Cocoa.framework */ = {isa = PBXFileReference; lastKnownFileType = wrapper.framework; name = Cocoa.framework; path = System/Library/Frameworks/Cocoa.framework; sourceTree = SDKROOT; };
		246D12BD1A6AB1D800D77FD0 /* DilbertMe-Prefix.pch */ = {isa = PBXFileReference; lastKnownFileType = sourcecode.c.h; path = "DilbertMe-Prefix.pch"; sourceTree = "<group>"; };
		246D12BE1A6ABF8400D77FD0 /* DilbertMenu.xib */ = {isa = PBXFileReference; fileEncoding = 4; lastKnownFileType = file.xib; path = DilbertMenu.xib; sourceTree = "<group>"; };
		246D12C01A6AC06F00D77FD0 /* DilbertMenu.h */ = {isa = PBXFileReference; fileEncoding = 4; lastKnownFileType = sourcecode.c.h; path = DilbertMenu.h; sourceTree = "<group>"; };
		246D12C11A6AC06F00D77FD0 /* DilbertMenu.m */ = {isa = PBXFileReference; fileEncoding = 4; lastKnownFileType = sourcecode.c.objc; path = DilbertMenu.m; sourceTree = "<group>"; };
		378AE97F0A571A0556836FE9 /* Pods_Dilbert_Me.framework */ = {isa = PBXFileReference; explicitFileType = wrapper.framework; includeInIndex = 0; path = Pods_Dilbert_Me.framework; sourceTree = BUILT_PRODUCTS_DIR; };
		EA5577466783ACAF56193A24 /* Pods-Dilbert Me.release.xcconfig */ = {isa = PBXFileReference; includeInIndex = 1; lastKnownFileType = text.xcconfig; name = "Pods-Dilbert Me.release.xcconfig"; path = "Pods/Target Support Files/Pods-Dilbert Me/Pods-Dilbert Me.release.xcconfig"; sourceTree = "<group>"; };
/* End PBXFileReference section */

/* Begin PBXFrameworksBuildPhase section */
		246D12881A6A6EAA00D77FD0 /* Frameworks */ = {
			isa = PBXFrameworksBuildPhase;
			buildActionMask = 2147483647;
			files = (
				246D12BC1A6A807B00D77FD0 /* Cocoa.framework in Frameworks */,
				246D12BA1A6A807600D77FD0 /* Quartz.framework in Frameworks */,
				246D12B81A6A79D500D77FD0 /* QuickLook.framework in Frameworks */,
				5713859A32756E4EF5C888D7 /* Pods_Dilbert_Me.framework in Frameworks */,
			);
			runOnlyForDeploymentPostprocessing = 0;
		};
/* End PBXFrameworksBuildPhase section */

/* Begin PBXGroup section */
		246D12821A6A6EAA00D77FD0 = {
			isa = PBXGroup;
			children = (
				246D128D1A6A6EAA00D77FD0 /* Dilbert Me */,
				246D128C1A6A6EAA00D77FD0 /* Products */,
				2FCEDF7A098E83B0CE729866 /* Frameworks */,
				D23FC7D6FE64EDBB9C6EBC46 /* Pods */,
			);
			sourceTree = "<group>";
		};
		246D128C1A6A6EAA00D77FD0 /* Products */ = {
			isa = PBXGroup;
			children = (
				246D128B1A6A6EAA00D77FD0 /* Dilbert Me.app */,
			);
			name = Products;
			sourceTree = "<group>";
		};
		246D128D1A6A6EAA00D77FD0 /* Dilbert Me */ = {
			isa = PBXGroup;
			children = (
				246D12901A6A6EAB00D77FD0 /* AppDelegate.h */,
				246D12911A6A6EAB00D77FD0 /* AppDelegate.m */,
				246D12B11A6A711900D77FD0 /* DilbertManager.h */,
				246D12B21A6A711900D77FD0 /* DilbertManager.m */,
				246D12B41A6A767900D77FD0 /* Comic.h */,
				246D12B51A6A767900D77FD0 /* Comic.m */,
				246D12BE1A6ABF8400D77FD0 /* DilbertMenu.xib */,
				246D12C01A6AC06F00D77FD0 /* DilbertMenu.h */,
				246D12C11A6AC06F00D77FD0 /* DilbertMenu.m */,
				246D129A1A6A6EAB00D77FD0 /* Main.storyboard */,
				246D12981A6A6EAB00D77FD0 /* Images.xcassets */,
				246D128E1A6A6EAA00D77FD0 /* Supporting Files */,
			);
			path = "Dilbert Me";
			sourceTree = "<group>";
		};
		246D128E1A6A6EAA00D77FD0 /* Supporting Files */ = {
			isa = PBXGroup;
			children = (
				246D128F1A6A6EAB00D77FD0 /* Info.plist */,
				246D12931A6A6EAB00D77FD0 /* main.m */,
				246D12BD1A6AB1D800D77FD0 /* DilbertMe-Prefix.pch */,
			);
			name = "Supporting Files";
			sourceTree = "<group>";
		};
		2FCEDF7A098E83B0CE729866 /* Frameworks */ = {
			isa = PBXGroup;
			children = (
				246D12BB1A6A807B00D77FD0 /* Cocoa.framework */,
				246D12B91A6A807600D77FD0 /* Quartz.framework */,
				246D12B71A6A79D500D77FD0 /* QuickLook.framework */,
				378AE97F0A571A0556836FE9 /* Pods_Dilbert_Me.framework */,
			);
			name = Frameworks;
			sourceTree = "<group>";
		};
		D23FC7D6FE64EDBB9C6EBC46 /* Pods */ = {
			isa = PBXGroup;
			children = (
				0CFB944A3DD5B6CD1EF340FE /* Pods-Dilbert Me.debug.xcconfig */,
				EA5577466783ACAF56193A24 /* Pods-Dilbert Me.release.xcconfig */,
			);
			name = Pods;
			sourceTree = "<group>";
		};
/* End PBXGroup section */

/* Begin PBXNativeTarget section */
		246D128A1A6A6EAA00D77FD0 /* Dilbert Me */ = {
			isa = PBXNativeTarget;
			buildConfigurationList = 246D12AB1A6A6EAB00D77FD0 /* Build configuration list for PBXNativeTarget "Dilbert Me" */;
			buildPhases = (
				992ADA1D4B7F4D76C8901C99 /* [CP] Check Pods Manifest.lock */,
				246D12871A6A6EAA00D77FD0 /* Sources */,
				246D12881A6A6EAA00D77FD0 /* Frameworks */,
				246D12891A6A6EAA00D77FD0 /* Resources */,
				AE65A8961EC484B638E9D3D5 /* [CP] Embed Pods Frameworks */,
				4A82A913CA938F8585B84F34 /* [CP] Copy Pods Resources */,
			);
			buildRules = (
			);
			dependencies = (
			);
			name = "Dilbert Me";
			productName = "Dilbert Me";
			productReference = 246D128B1A6A6EAA00D77FD0 /* Dilbert Me.app */;
			productType = "com.apple.product-type.application";
		};
/* End PBXNativeTarget section */

/* Begin PBXProject section */
		246D12831A6A6EAA00D77FD0 /* Project object */ = {
			isa = PBXProject;
			attributes = {
				LastUpgradeCheck = 0820;
				ORGANIZATIONNAME = "Weiran Zhang";
				TargetAttributes = {
					246D128A1A6A6EAA00D77FD0 = {
						CreatedOnToolsVersion = 6.1.1;
						DevelopmentTeam = PZS9CJ467T;
						LastSwiftMigration = 0820;
					};
				};
			};
			buildConfigurationList = 246D12861A6A6EAA00D77FD0 /* Build configuration list for PBXProject "Dilbert Me" */;
			compatibilityVersion = "Xcode 3.2";
			developmentRegion = English;
			hasScannedForEncodings = 0;
			knownRegions = (
				en,
				Base,
			);
			mainGroup = 246D12821A6A6EAA00D77FD0;
			productRefGroup = 246D128C1A6A6EAA00D77FD0 /* Products */;
			projectDirPath = "";
			projectRoot = "";
			targets = (
				246D128A1A6A6EAA00D77FD0 /* Dilbert Me */,
			);
		};
/* End PBXProject section */

/* Begin PBXResourcesBuildPhase section */
		246D12891A6A6EAA00D77FD0 /* Resources */ = {
			isa = PBXResourcesBuildPhase;
			buildActionMask = 2147483647;
			files = (
				246D12991A6A6EAB00D77FD0 /* Images.xcassets in Resources */,
				246D12BF1A6ABF8400D77FD0 /* DilbertMenu.xib in Resources */,
				246D129C1A6A6EAB00D77FD0 /* Main.storyboard in Resources */,
			);
			runOnlyForDeploymentPostprocessing = 0;
		};
/* End PBXResourcesBuildPhase section */

/* Begin PBXShellScriptBuildPhase section */
		4A82A913CA938F8585B84F34 /* [CP] Copy Pods Resources */ = {
			isa = PBXShellScriptBuildPhase;
			buildActionMask = 2147483647;
			files = (
			);
			inputPaths = (
			);
			name = "[CP] Copy Pods Resources";
			outputPaths = (
			);
			runOnlyForDeploymentPostprocessing = 0;
			shellPath = /bin/sh;
			shellScript = "\"${SRCROOT}/Pods/Target Support Files/Pods-Dilbert Me/Pods-Dilbert Me-resources.sh\"\n";
			showEnvVarsInLog = 0;
		};
		992ADA1D4B7F4D76C8901C99 /* [CP] Check Pods Manifest.lock */ = {
			isa = PBXShellScriptBuildPhase;
			buildActionMask = 2147483647;
			files = (
			);
			inputPaths = (
			);
			name = "[CP] Check Pods Manifest.lock";
			outputPaths = (
			);
			runOnlyForDeploymentPostprocessing = 0;
			shellPath = /bin/sh;
			shellScript = "diff \"${PODS_ROOT}/../Podfile.lock\" \"${PODS_ROOT}/Manifest.lock\" > /dev/null\nif [ $? != 0 ] ; then\n    # print error to STDERR\n    echo \"error: The sandbox is not in sync with the Podfile.lock. Run 'pod install' or update your CocoaPods installation.\" >&2\n    exit 1\nfi\n";
			showEnvVarsInLog = 0;
		};
		AE65A8961EC484B638E9D3D5 /* [CP] Embed Pods Frameworks */ = {
			isa = PBXShellScriptBuildPhase;
			buildActionMask = 2147483647;
			files = (
			);
			inputPaths = (
			);
			name = "[CP] Embed Pods Frameworks";
			outputPaths = (
			);
			runOnlyForDeploymentPostprocessing = 0;
			shellPath = /bin/sh;
			shellScript = "\"${SRCROOT}/Pods/Target Support Files/Pods-Dilbert Me/Pods-Dilbert Me-frameworks.sh\"\n";
			showEnvVarsInLog = 0;
		};
/* End PBXShellScriptBuildPhase section */

/* Begin PBXSourcesBuildPhase section */
		246D12871A6A6EAA00D77FD0 /* Sources */ = {
			isa = PBXSourcesBuildPhase;
			buildActionMask = 2147483647;
			files = (
				246D12B31A6A711900D77FD0 /* DilbertManager.m in Sources */,
				246D12941A6A6EAB00D77FD0 /* main.m in Sources */,
				246D12921A6A6EAB00D77FD0 /* AppDelegate.m in Sources */,
				246D12B61A6A767900D77FD0 /* Comic.m in Sources */,
				246D12C21A6AC06F00D77FD0 /* DilbertMenu.m in Sources */,
			);
			runOnlyForDeploymentPostprocessing = 0;
		};
/* End PBXSourcesBuildPhase section */

/* Begin PBXVariantGroup section */
		246D129A1A6A6EAB00D77FD0 /* Main.storyboard */ = {
			isa = PBXVariantGroup;
			children = (
				246D129B1A6A6EAB00D77FD0 /* Base */,
			);
			name = Main.storyboard;
			sourceTree = "<group>";
		};
/* End PBXVariantGroup section */

/* Begin XCBuildConfiguration section */
		246D12A91A6A6EAB00D77FD0 /* Debug */ = {
			isa = XCBuildConfiguration;
			buildSettings = {
				ALWAYS_SEARCH_USER_PATHS = NO;
				CLANG_CXX_LANGUAGE_STANDARD = "gnu++0x";
				CLANG_CXX_LIBRARY = "libc++";
				CLANG_ENABLE_MODULES = YES;
				CLANG_ENABLE_OBJC_ARC = YES;
				CLANG_WARN_BOOL_CONVERSION = YES;
				CLANG_WARN_CONSTANT_CONVERSION = YES;
				CLANG_WARN_DIRECT_OBJC_ISA_USAGE = YES_ERROR;
				CLANG_WARN_EMPTY_BODY = YES;
				CLANG_WARN_ENUM_CONVERSION = YES;
				CLANG_WARN_INFINITE_RECURSION = YES;
				CLANG_WARN_INT_CONVERSION = YES;
				CLANG_WARN_OBJC_ROOT_CLASS = YES_ERROR;
				CLANG_WARN_SUSPICIOUS_MOVE = YES;
				CLANG_WARN_UNREACHABLE_CODE = YES;
				CLANG_WARN__DUPLICATE_METHOD_MATCH = YES;
				CODE_SIGN_IDENTITY = "-";
				COPY_PHASE_STRIP = NO;
				ENABLE_STRICT_OBJC_MSGSEND = YES;
				ENABLE_TESTABILITY = YES;
				GCC_C_LANGUAGE_STANDARD = gnu99;
				GCC_DYNAMIC_NO_PIC = NO;
				GCC_NO_COMMON_BLOCKS = YES;
				GCC_OPTIMIZATION_LEVEL = 0;
				GCC_PREPROCESSOR_DEFINITIONS = (
					"DEBUG=1",
					"$(inherited)",
				);
				GCC_SYMBOLS_PRIVATE_EXTERN = NO;
				GCC_WARN_64_TO_32_BIT_CONVERSION = YES;
				GCC_WARN_ABOUT_RETURN_TYPE = YES_ERROR;
				GCC_WARN_UNDECLARED_SELECTOR = YES;
				GCC_WARN_UNINITIALIZED_AUTOS = YES_AGGRESSIVE;
				GCC_WARN_UNUSED_FUNCTION = YES;
				GCC_WARN_UNUSED_VARIABLE = YES;
				MACOSX_DEPLOYMENT_TARGET = 10.11;
				MTL_ENABLE_DEBUG_INFO = YES;
				ONLY_ACTIVE_ARCH = YES;
				SDKROOT = macosx;
			};
			name = Debug;
		};
		246D12AA1A6A6EAB00D77FD0 /* Release */ = {
			isa = XCBuildConfiguration;
			buildSettings = {
				ALWAYS_SEARCH_USER_PATHS = NO;
				CLANG_CXX_LANGUAGE_STANDARD = "gnu++0x";
				CLANG_CXX_LIBRARY = "libc++";
				CLANG_ENABLE_MODULES = YES;
				CLANG_ENABLE_OBJC_ARC = YES;
				CLANG_WARN_BOOL_CONVERSION = YES;
				CLANG_WARN_CONSTANT_CONVERSION = YES;
				CLANG_WARN_DIRECT_OBJC_ISA_USAGE = YES_ERROR;
				CLANG_WARN_EMPTY_BODY = YES;
				CLANG_WARN_ENUM_CONVERSION = YES;
				CLANG_WARN_INFINITE_RECURSION = YES;
				CLANG_WARN_INT_CONVERSION = YES;
				CLANG_WARN_OBJC_ROOT_CLASS = YES_ERROR;
				CLANG_WARN_SUSPICIOUS_MOVE = YES;
				CLANG_WARN_UNREACHABLE_CODE = YES;
				CLANG_WARN__DUPLICATE_METHOD_MATCH = YES;
				CODE_SIGN_IDENTITY = "-";
				COPY_PHASE_STRIP = YES;
				DEBUG_INFORMATION_FORMAT = "dwarf-with-dsym";
				ENABLE_NS_ASSERTIONS = NO;
				ENABLE_STRICT_OBJC_MSGSEND = YES;
				GCC_C_LANGUAGE_STANDARD = gnu99;
				GCC_NO_COMMON_BLOCKS = YES;
				GCC_WARN_64_TO_32_BIT_CONVERSION = YES;
				GCC_WARN_ABOUT_RETURN_TYPE = YES_ERROR;
				GCC_WARN_UNDECLARED_SELECTOR = YES;
				GCC_WARN_UNINITIALIZED_AUTOS = YES_AGGRESSIVE;
				GCC_WARN_UNUSED_FUNCTION = YES;
				GCC_WARN_UNUSED_VARIABLE = YES;
				MACOSX_DEPLOYMENT_TARGET = 10.11;
				MTL_ENABLE_DEBUG_INFO = NO;
				SDKROOT = macosx;
			};
			name = Release;
		};
		246D12AC1A6A6EAB00D77FD0 /* Debug */ = {
			isa = XCBuildConfiguration;
			baseConfigurationReference = 0CFB944A3DD5B6CD1EF340FE /* Pods-Dilbert Me.debug.xcconfig */;
			buildSettings = {
				ALWAYS_EMBED_SWIFT_STANDARD_LIBRARIES = YES;
				ASSETCATALOG_COMPILER_APPICON_NAME = AppIcon;
				COMBINE_HIDPI_IMAGES = YES;
				GCC_PREFIX_HEADER = "Dilbert Me/DilbertMe-Prefix.pch";
				INFOPLIST_FILE = "Dilbert Me/Info.plist";
				LD_RUNPATH_SEARCH_PATHS = "$(inherited) @executable_path/../Frameworks";
				PRODUCT_BUNDLE_IDENTIFIER = "co.weiran.$(PRODUCT_NAME:rfc1034identifier)";
				PRODUCT_NAME = "$(TARGET_NAME)";
				SWIFT_VERSION = 3.0;
			};
			name = Debug;
		};
		246D12AD1A6A6EAB00D77FD0 /* Release */ = {
			isa = XCBuildConfiguration;
			baseConfigurationReference = EA5577466783ACAF56193A24 /* Pods-Dilbert Me.release.xcconfig */;
			buildSettings = {
				ALWAYS_EMBED_SWIFT_STANDARD_LIBRARIES = YES;
				ASSETCATALOG_COMPILER_APPICON_NAME = AppIcon;
				COMBINE_HIDPI_IMAGES = YES;
				GCC_PREFIX_HEADER = "Dilbert Me/DilbertMe-Prefix.pch";
				INFOPLIST_FILE = "Dilbert Me/Info.plist";
				LD_RUNPATH_SEARCH_PATHS = "$(inherited) @executable_path/../Frameworks";
				PRODUCT_BUNDLE_IDENTIFIER = "co.weiran.$(PRODUCT_NAME:rfc1034identifier)";
				PRODUCT_NAME = "$(TARGET_NAME)";
				SWIFT_VERSION = 3.0;
			};
			name = Release;
		};
/* End XCBuildConfiguration section */

/* Begin XCConfigurationList section */
		246D12861A6A6EAA00D77FD0 /* Build configuration list for PBXProject "Dilbert Me" */ = {
			isa = XCConfigurationList;
			buildConfigurations = (
				246D12A91A6A6EAB00D77FD0 /* Debug */,
				246D12AA1A6A6EAB00D77FD0 /* Release */,
			);
			defaultConfigurationIsVisible = 0;
			defaultConfigurationName = Release;
		};
		246D12AB1A6A6EAB00D77FD0 /* Build configuration list for PBXNativeTarget "Dilbert Me" */ = {
			isa = XCConfigurationList;
			buildConfigurations = (
				246D12AC1A6A6EAB00D77FD0 /* Debug */,
				246D12AD1A6A6EAB00D77FD0 /* Release */,
			);
			defaultConfigurationIsVisible = 0;
			defaultConfigurationName = Release;
		};
/* End XCConfigurationList section */
	};
	rootObject = 246D12831A6A6EAA00D77FD0 /* Project object */;
}
